
Microsoft Visual Studio Solution File, Format Version 12.00
# Visual Studio Version 17
VisualStudioVersion = 17.0.31912.275
MinimumVisualStudioVersion = 10.0.40219.1
Project("{FAE04EC0-301F-11D3-BF4B-00C04F79EFBC}") = "Calculater", "Calculater\Calculater.csproj", "{97EEA294-32F5-4DBC-96D6-A7A11DB7EC53}"
EndProject
Global
	GlobalSection(SolutionConfigurationPlatforms) = preSolution
		Debug|Any CPU = Debug|Any CPU
		Release|Any CPU = Release|Any CPU
	EndGlobalSection
	GlobalSection(ProjectConfigurationPlatforms) = postSolution
		{97EEA294-32F5-4DBC-96D6-A7A11DB7EC53}.Debug|Any CPU.ActiveCfg = Debug|Any CPU
		{97EEA294-32F5-4DBC-96D6-A7A11DB7EC53}.Debug|Any CPU.Build.0 = Debug|Any CPU
		{97EEA294-32F5-4DBC-96D6-A7A11DB7EC53}.Release|Any CPU.ActiveCfg = Release|Any CPU
		{97EEA294-32F5-4DBC-96D6-A7A11DB7EC53}.Release|Any CPU.Build.0 = Release|Any CPU
	EndGlobalSection
	GlobalSection(SolutionProperties) = preSolution
		HideSolutionNode = FALSE
	EndGlobalSection
	GlobalSection(ExtensibilityGlobals) = postSolution
		SolutionGuid = {8DD1408B-812C-40D5-9603-2CC2AA106085}
	EndGlobalSection
EndGlobal
